
Microsoft Visual Studio Solution File, Format Version 12.00
# Visual Studio 15
VisualStudioVersion = 15.0.27428.2043
MinimumVisualStudioVersion = 10.0.40219.1
Project("{FAE04EC0-301F-11D3-BF4B-00C04F79EFBC}") = "ZooLab2", "ZooLab2\ZooLab2.csproj", "{34017131-F8E2-49D5-9A3C-12704A03C277}"
EndProject
Project("{FAE04EC0-301F-11D3-BF4B-00C04F79EFBC}") = "ZooDataLibrary", "ZooDataLibrary\ZooDataLibrary.csproj", "{60D77DFA-3DD1-4504-AC5A-0EEC5A4D6790}"
EndProject
Project("{FAE04EC0-301F-11D3-BF4B-00C04F79EFBC}") = "ZooWeb", "ZooWeb\ZooWeb.csproj", "{10FD42A0-5640-4475-95F7-E2DEC842E745}"
EndProject
Global
	GlobalSection(SolutionConfigurationPlatforms) = preSolution
		Debug|Any CPU = Debug|Any CPU
		Release|Any CPU = Release|Any CPU
	EndGlobalSection
	GlobalSection(ProjectConfigurationPlatforms) = postSolution
		{34017131-F8E2-49D5-9A3C-12704A03C277}.Debug|Any CPU.ActiveCfg = Debug|Any CPU
		{34017131-F8E2-49D5-9A3C-12704A03C277}.Debug|Any CPU.Build.0 = Debug|Any CPU
		{34017131-F8E2-49D5-9A3C-12704A03C277}.Release|Any CPU.ActiveCfg = Release|Any CPU
		{34017131-F8E2-49D5-9A3C-12704A03C277}.Release|Any CPU.Build.0 = Release|Any CPU
		{60D77DFA-3DD1-4504-AC5A-0EEC5A4D6790}.Debug|Any CPU.ActiveCfg = Debug|Any CPU
		{60D77DFA-3DD1-4504-AC5A-0EEC5A4D6790}.Debug|Any CPU.Build.0 = Debug|Any CPU
		{60D77DFA-3DD1-4504-AC5A-0EEC5A4D6790}.Release|Any CPU.ActiveCfg = Release|Any CPU
		{60D77DFA-3DD1-4504-AC5A-0EEC5A4D6790}.Release|Any CPU.Build.0 = Release|Any CPU
		{10FD42A0-5640-4475-95F7-E2DEC842E745}.Debug|Any CPU.ActiveCfg = Debug|Any CPU
		{10FD42A0-5640-4475-95F7-E2DEC842E745}.Debug|Any CPU.Build.0 = Debug|Any CPU
		{10FD42A0-5640-4475-95F7-E2DEC842E745}.Release|Any CPU.ActiveCfg = Release|Any CPU
		{10FD42A0-5640-4475-95F7-E2DEC842E745}.Release|Any CPU.Build.0 = Release|Any CPU
	EndGlobalSection
	GlobalSection(SolutionProperties) = preSolution
		HideSolutionNode = FALSE
	EndGlobalSection
	GlobalSection(ExtensibilityGlobals) = postSolution
		SolutionGuid = {15C0CF06-70BF-4942-8F23-1E36E028CC31}
	EndGlobalSection
EndGlobal
